// !$*UTF8*$!
{
	archiveVersion = 1;
	classes = {
	};
	objectVersion = 55;
	objects = {

/* Begin PBXBuildFile section */
		4A3C88D027B6B35E00FC969F /* ListTableViewCell.swift in Sources */ = {isa = PBXBuildFile; fileRef = 4A3C88CF27B6B35E00FC969F /* ListTableViewCell.swift */; };
		4AD940FE27B5EDF50036971C /* AppDelegate.swift in Sources */ = {isa = PBXBuildFile; fileRef = 4AD940FD27B5EDF50036971C /* AppDelegate.swift */; };
		4AD9410027B5EDF50036971C /* SceneDelegate.swift in Sources */ = {isa = PBXBuildFile; fileRef = 4AD940FF27B5EDF50036971C /* SceneDelegate.swift */; };
		4AD9410527B5EDF50036971C /* Main.storyboard in Resources */ = {isa = PBXBuildFile; fileRef = 4AD9410327B5EDF50036971C /* Main.storyboard */; };
		4AD9410727B5EDF60036971C /* Assets.xcassets in Resources */ = {isa = PBXBuildFile; fileRef = 4AD9410627B5EDF60036971C /* Assets.xcassets */; };
		4AD9410A27B5EDF60036971C /* LaunchScreen.storyboard in Resources */ = {isa = PBXBuildFile; fileRef = 4AD9410827B5EDF60036971C /* LaunchScreen.storyboard */; };
		4AD9411827B5F01D0036971C /* ShoppingListTableViewController.swift in Sources */ = {isa = PBXBuildFile; fileRef = 4AD9411727B5F01D0036971C /* ShoppingListTableViewController.swift */; };
		4AD9411E27B5F2BA0036971C /* List.swift in Sources */ = {isa = PBXBuildFile; fileRef = 4AD9411D27B5F2BA0036971C /* List.swift */; };
		4AD9412027B5F3470036971C /* ListController.swift in Sources */ = {isa = PBXBuildFile; fileRef = 4AD9411F27B5F3470036971C /* ListController.swift */; };
/* End PBXBuildFile section */

/* Begin PBXFileReference section */
		4A3C88CF27B6B35E00FC969F /* ListTableViewCell.swift */ = {isa = PBXFileReference; lastKnownFileType = sourcecode.swift; path = ListTableViewCell.swift; sourceTree = "<group>"; };
		4AD940FA27B5EDF50036971C /* shopping_list.app */ = {isa = PBXFileReference; explicitFileType = wrapper.application; includeInIndex = 0; path = shopping_list.app; sourceTree = BUILT_PRODUCTS_DIR; };
		4AD940FD27B5EDF50036971C /* AppDelegate.swift */ = {isa = PBXFileReference; lastKnownFileType = sourcecode.swift; path = AppDelegate.swift; sourceTree = "<group>"; };
		4AD940FF27B5EDF50036971C /* SceneDelegate.swift */ = {isa = PBXFileReference; lastKnownFileType = sourcecode.swift; path = SceneDelegate.swift; sourceTree = "<group>"; };
		4AD9410427B5EDF50036971C /* Base */ = {isa = PBXFileReference; lastKnownFileType = file.storyboard; name = Base; path = Base.lproj/Main.storyboard; sourceTree = "<group>"; };
		4AD9410627B5EDF60036971C /* Assets.xcassets */ = {isa = PBXFileReference; lastKnownFileType = folder.assetcatalog; path = Assets.xcassets; sourceTree = "<group>"; };
		4AD9410927B5EDF60036971C /* Base */ = {isa = PBXFileReference; lastKnownFileType = file.storyboard; name = Base; path = Base.lproj/LaunchScreen.storyboard; sourceTree = "<group>"; };
		4AD9410B27B5EDF60036971C /* Info.plist */ = {isa = PBXFileReference; lastKnownFileType = text.plist.xml; path = Info.plist; sourceTree = "<group>"; };
		4AD9411727B5F01D0036971C /* ShoppingListTableViewController.swift */ = {isa = PBXFileReference; lastKnownFileType = sourcecode.swift; path = ShoppingListTableViewController.swift; sourceTree = "<group>"; };
		4AD9411D27B5F2BA0036971C /* List.swift */ = {isa = PBXFileReference; lastKnownFileType = sourcecode.swift; path = List.swift; sourceTree = "<group>"; };
		4AD9411F27B5F3470036971C /* ListController.swift */ = {isa = PBXFileReference; lastKnownFileType = sourcecode.swift; path = ListController.swift; sourceTree = "<group>"; };
/* End PBXFileReference section */

/* Begin PBXFrameworksBuildPhase section */
		4AD940F727B5EDF50036971C /* Frameworks */ = {
			isa = PBXFrameworksBuildPhase;
			buildActionMask = 2147483647;
			files = (
			);
			runOnlyForDeploymentPostprocessing = 0;
		};
/* End PBXFrameworksBuildPhase section */

/* Begin PBXGroup section */
		4A3C88CE27B6B30600FC969F /* Custom Cell */ = {
			isa = PBXGroup;
			children = (
				4A3C88CF27B6B35E00FC969F /* ListTableViewCell.swift */,
			);
			path = "Custom Cell";
			sourceTree = "<group>";
		};
		4AD940F127B5EDF50036971C = {
			isa = PBXGroup;
			children = (
				4AD940FC27B5EDF50036971C /* shopping_list */,
				4AD940FB27B5EDF50036971C /* Products */,
			);
			sourceTree = "<group>";
		};
		4AD940FB27B5EDF50036971C /* Products */ = {
			isa = PBXGroup;
			children = (
				4AD940FA27B5EDF50036971C /* shopping_list.app */,
			);
			name = Products;
			sourceTree = "<group>";
		};
		4AD940FC27B5EDF50036971C /* shopping_list */ = {
			isa = PBXGroup;
			children = (
				4A3C88CE27B6B30600FC969F /* Custom Cell */,
				4AD9411427B5EE570036971C /* Controllers */,
				4AD9411227B5EE350036971C /* Model */,
				4AD9411127B5EE100036971C /* Resources */,
				4AD9411627B5EE7C0036971C /* Views */,
			);
			path = shopping_list;
			sourceTree = "<group>";
		};
		4AD9411127B5EE100036971C /* Resources */ = {
			isa = PBXGroup;
			children = (
				4AD940FD27B5EDF50036971C /* AppDelegate.swift */,
				4AD940FF27B5EDF50036971C /* SceneDelegate.swift */,
				4AD9410627B5EDF60036971C /* Assets.xcassets */,
				4AD9410B27B5EDF60036971C /* Info.plist */,
			);
			path = Resources;
			sourceTree = "<group>";
		};
		4AD9411227B5EE350036971C /* Model */ = {
			isa = PBXGroup;
			children = (
				4AD9411D27B5F2BA0036971C /* List.swift */,
			);
			path = Model;
			sourceTree = "<group>";
		};
		4AD9411327B5EE3F0036971C /* View Controllers */ = {
			isa = PBXGroup;
			children = (
				4AD9411727B5F01D0036971C /* ShoppingListTableViewController.swift */,
			);
			path = "View Controllers";
			sourceTree = "<group>";
		};
		4AD9411427B5EE570036971C /* Controllers */ = {
			isa = PBXGroup;
			children = (
				4AD9411527B5EE600036971C /* Model Controllers */,
				4AD9411327B5EE3F0036971C /* View Controllers */,
			);
			path = Controllers;
			sourceTree = "<group>";
		};
		4AD9411527B5EE600036971C /* Model Controllers */ = {
			isa = PBXGroup;
			children = (
				4AD9411F27B5F3470036971C /* ListController.swift */,
			);
			path = "Model Controllers";
			sourceTree = "<group>";
		};
		4AD9411627B5EE7C0036971C /* Views */ = {
			isa = PBXGroup;
			children = (
				4AD9410327B5EDF50036971C /* Main.storyboard */,
				4AD9410827B5EDF60036971C /* LaunchScreen.storyboard */,
			);
			path = Views;
			sourceTree = "<group>";
		};
/* End PBXGroup section */

/* Begin PBXNativeTarget section */
		4AD940F927B5EDF50036971C /* shopping_list */ = {
			isa = PBXNativeTarget;
			buildConfigurationList = 4AD9410E27B5EDF60036971C /* Build configuration list for PBXNativeTarget "shopping_list" */;
			buildPhases = (
				4AD940F627B5EDF50036971C /* Sources */,
				4AD940F727B5EDF50036971C /* Frameworks */,
				4AD940F827B5EDF50036971C /* Resources */,
			);
			buildRules = (
			);
			dependencies = (
			);
			name = shopping_list;
			productName = shopping_list;
			productReference = 4AD940FA27B5EDF50036971C /* shopping_list.app */;
			productType = "com.apple.product-type.application";
		};
/* End PBXNativeTarget section */

/* Begin PBXProject section */
		4AD940F227B5EDF50036971C /* Project object */ = {
			isa = PBXProject;
			attributes = {
				BuildIndependentTargetsInParallel = 1;
				LastSwiftUpdateCheck = 1320;
				LastUpgradeCheck = 1320;
				TargetAttributes = {
					4AD940F927B5EDF50036971C = {
						CreatedOnToolsVersion = 13.2.1;
					};
				};
			};
			buildConfigurationList = 4AD940F527B5EDF50036971C /* Build configuration list for PBXProject "shopping_list" */;
			compatibilityVersion = "Xcode 13.0";
			developmentRegion = en;
			hasScannedForEncodings = 0;
			knownRegions = (
				en,
				Base,
			);
			mainGroup = 4AD940F127B5EDF50036971C;
			productRefGroup = 4AD940FB27B5EDF50036971C /* Products */;
			projectDirPath = "";
			projectRoot = "";
			targets = (
				4AD940F927B5EDF50036971C /* shopping_list */,
			);
		};
/* End PBXProject section */

/* Begin PBXResourcesBuildPhase section */
		4AD940F827B5EDF50036971C /* Resources */ = {
			isa = PBXResourcesBuildPhase;
			buildActionMask = 2147483647;
			files = (
				4AD9410A27B5EDF60036971C /* LaunchScreen.storyboard in Resources */,
				4AD9410727B5EDF60036971C /* Assets.xcassets in Resources */,
				4AD9410527B5EDF50036971C /* Main.storyboard in Resources */,
			);
			runOnlyForDeploymentPostprocessing = 0;
		};
/* End PBXResourcesBuildPhase section */

/* Begin PBXSourcesBuildPhase section */
		4AD940F627B5EDF50036971C /* Sources */ = {
			isa = PBXSourcesBuildPhase;
			buildActionMask = 2147483647;
			files = (
				4AD940FE27B5EDF50036971C /* AppDelegate.swift in Sources */,
				4AD9412027B5F3470036971C /* ListController.swift in Sources */,
				4AD9411E27B5F2BA0036971C /* List.swift in Sources */,
				4AD9410027B5EDF50036971C /* SceneDelegate.swift in Sources */,
				4AD9411827B5F01D0036971C /* ShoppingListTableViewController.swift in Sources */,
				4A3C88D027B6B35E00FC969F /* ListTableViewCell.swift in Sources */,
			);
			runOnlyForDeploymentPostprocessing = 0;
		};
/* End PBXSourcesBuildPhase section */

/* Begin PBXVariantGroup section */
		4AD9410327B5EDF50036971C /* Main.storyboard */ = {
			isa = PBXVariantGroup;
			children = (
				4AD9410427B5EDF50036971C /* Base */,
			);
			name = Main.storyboard;
			sourceTree = "<group>";
		};
		4AD9410827B5EDF60036971C /* LaunchScreen.storyboard */ = {
			isa = PBXVariantGroup;
			children = (
				4AD9410927B5EDF60036971C /* Base */,
			);
			name = LaunchScreen.storyboard;
			sourceTree = "<group>";
		};
/* End PBXVariantGroup section */

/* Begin XCBuildConfiguration section */
		4AD9410C27B5EDF60036971C /* Debug */ = {
			isa = XCBuildConfiguration;
			buildSettings = {
				ALWAYS_SEARCH_USER_PATHS = NO;
				CLANG_ANALYZER_NONNULL = YES;
				CLANG_ANALYZER_NUMBER_OBJECT_CONVERSION = YES_AGGRESSIVE;
				CLANG_CXX_LANGUAGE_STANDARD = "gnu++17";
				CLANG_CXX_LIBRARY = "libc++";
				CLANG_ENABLE_MODULES = YES;
				CLANG_ENABLE_OBJC_ARC = YES;
				CLANG_ENABLE_OBJC_WEAK = YES;
				CLANG_WARN_BLOCK_CAPTURE_AUTORELEASING = YES;
				CLANG_WARN_BOOL_CONVERSION = YES;
				CLANG_WARN_COMMA = YES;
				CLANG_WARN_CONSTANT_CONVERSION = YES;
				CLANG_WARN_DEPRECATED_OBJC_IMPLEMENTATIONS = YES;
				CLANG_WARN_DIRECT_OBJC_ISA_USAGE = YES_ERROR;
				CLANG_WARN_DOCUMENTATION_COMMENTS = YES;
				CLANG_WARN_EMPTY_BODY = YES;
				CLANG_WARN_ENUM_CONVERSION = YES;
				CLANG_WARN_INFINITE_RECURSION = YES;
				CLANG_WARN_INT_CONVERSION = YES;
				CLANG_WARN_NON_LITERAL_NULL_CONVERSION = YES;
				CLANG_WARN_OBJC_IMPLICIT_RETAIN_SELF = YES;
				CLANG_WARN_OBJC_LITERAL_CONVERSION = YES;
				CLANG_WARN_OBJC_ROOT_CLASS = YES_ERROR;
				CLANG_WARN_QUOTED_INCLUDE_IN_FRAMEWORK_HEADER = YES;
				CLANG_WARN_RANGE_LOOP_ANALYSIS = YES;
				CLANG_WARN_STRICT_PROTOTYPES = YES;
				CLANG_WARN_SUSPICIOUS_MOVE = YES;
				CLANG_WARN_UNGUARDED_AVAILABILITY = YES_AGGRESSIVE;
				CLANG_WARN_UNREACHABLE_CODE = YES;
				CLANG_WARN__DUPLICATE_METHOD_MATCH = YES;
				COPY_PHASE_STRIP = NO;
				DEBUG_INFORMATION_FORMAT = dwarf;
				ENABLE_STRICT_OBJC_MSGSEND = YES;
				ENABLE_TESTABILITY = YES;
				GCC_C_LANGUAGE_STANDARD = gnu11;
				GCC_DYNAMIC_NO_PIC = NO;
				GCC_NO_COMMON_BLOCKS = YES;
				GCC_OPTIMIZATION_LEVEL = 0;
				GCC_PREPROCESSOR_DEFINITIONS = (
					"DEBUG=1",
					"$(inherited)",
				);
				GCC_WARN_64_TO_32_BIT_CONVERSION = YES;
				GCC_WARN_ABOUT_RETURN_TYPE = YES_ERROR;
				GCC_WARN_UNDECLARED_SELECTOR = YES;
				GCC_WARN_UNINITIALIZED_AUTOS = YES_AGGRESSIVE;
				GCC_WARN_UNUSED_FUNCTION = YES;
				GCC_WARN_UNUSED_VARIABLE = YES;
				IPHONEOS_DEPLOYMENT_TARGET = 15.2;
				MTL_ENABLE_DEBUG_INFO = INCLUDE_SOURCE;
				MTL_FAST_MATH = YES;
				ONLY_ACTIVE_ARCH = YES;
				SDKROOT = iphoneos;
				SWIFT_ACTIVE_COMPILATION_CONDITIONS = DEBUG;
				SWIFT_OPTIMIZATION_LEVEL = "-Onone";
			};
			name = Debug;
		};
		4AD9410D27B5EDF60036971C /* Release */ = {
			isa = XCBuildConfiguration;
			buildSettings = {
				ALWAYS_SEARCH_USER_PATHS = NO;
				CLANG_ANALYZER_NONNULL = YES;
				CLANG_ANALYZER_NUMBER_OBJECT_CONVERSION = YES_AGGRESSIVE;
				CLANG_CXX_LANGUAGE_STANDARD = "gnu++17";
				CLANG_CXX_LIBRARY = "libc++";
				CLANG_ENABLE_MODULES = YES;
				CLANG_ENABLE_OBJC_ARC = YES;
				CLANG_ENABLE_OBJC_WEAK = YES;
				CLANG_WARN_BLOCK_CAPTURE_AUTORELEASING = YES;
				CLANG_WARN_BOOL_CONVERSION = YES;
				CLANG_WARN_COMMA = YES;
				CLANG_WARN_CONSTANT_CONVERSION = YES;
				CLANG_WARN_DEPRECATED_OBJC_IMPLEMENTATIONS = YES;
				CLANG_WARN_DIRECT_OBJC_ISA_USAGE = YES_ERROR;
				CLANG_WARN_DOCUMENTATION_COMMENTS = YES;
				CLANG_WARN_EMPTY_BODY = YES;
				CLANG_WARN_ENUM_CONVERSION = YES;
				CLANG_WARN_INFINITE_RECURSION = YES;
				CLANG_WARN_INT_CONVERSION = YES;
				CLANG_WARN_NON_LITERAL_NULL_CONVERSION = YES;
				CLANG_WARN_OBJC_IMPLICIT_RETAIN_SELF = YES;
				CLANG_WARN_OBJC_LITERAL_CONVERSION = YES;
				CLANG_WARN_OBJC_ROOT_CLASS = YES_ERROR;
				CLANG_WARN_QUOTED_INCLUDE_IN_FRAMEWORK_HEADER = YES;
				CLANG_WARN_RANGE_LOOP_ANALYSIS = YES;
				CLANG_WARN_STRICT_PROTOTYPES = YES;
				CLANG_WARN_SUSPICIOUS_MOVE = YES;
				CLANG_WARN_UNGUARDED_AVAILABILITY = YES_AGGRESSIVE;
				CLANG_WARN_UNREACHABLE_CODE = YES;
				CLANG_WARN__DUPLICATE_METHOD_MATCH = YES;
				COPY_PHASE_STRIP = NO;
				DEBUG_INFORMATION_FORMAT = "dwarf-with-dsym";
				ENABLE_NS_ASSERTIONS = NO;
				ENABLE_STRICT_OBJC_MSGSEND = YES;
				GCC_C_LANGUAGE_STANDARD = gnu11;
				GCC_NO_COMMON_BLOCKS = YES;
				GCC_WARN_64_TO_32_BIT_CONVERSION = YES;
				GCC_WARN_ABOUT_RETURN_TYPE = YES_ERROR;
				GCC_WARN_UNDECLARED_SELECTOR = YES;
				GCC_WARN_UNINITIALIZED_AUTOS = YES_AGGRESSIVE;
				GCC_WARN_UNUSED_FUNCTION = YES;
				GCC_WARN_UNUSED_VARIABLE = YES;
				IPHONEOS_DEPLOYMENT_TARGET = 15.2;
				MTL_ENABLE_DEBUG_INFO = NO;
				MTL_FAST_MATH = YES;
				SDKROOT = iphoneos;
				SWIFT_COMPILATION_MODE = wholemodule;
				SWIFT_OPTIMIZATION_LEVEL = "-O";
				VALIDATE_PRODUCT = YES;
			};
			name = Release;
		};
		4AD9410F27B5EDF60036971C /* Debug */ = {
			isa = XCBuildConfiguration;
			buildSettings = {
				ASSETCATALOG_COMPILER_APPICON_NAME = AppIcon;
				ASSETCATALOG_COMPILER_GLOBAL_ACCENT_COLOR_NAME = AccentColor;
				CODE_SIGN_STYLE = Automatic;
				CURRENT_PROJECT_VERSION = 1;
				GENERATE_INFOPLIST_FILE = YES;
				INFOPLIST_FILE = shopping_list/Resources/Info.plist;
				INFOPLIST_KEY_UIApplicationSupportsIndirectInputEvents = YES;
				INFOPLIST_KEY_UILaunchStoryboardName = LaunchScreen;
				INFOPLIST_KEY_UIMainStoryboardFile = Main;
				INFOPLIST_KEY_UISupportedInterfaceOrientations_iPad = "UIInterfaceOrientationPortrait UIInterfaceOrientationPortraitUpsideDown UIInterfaceOrientationLandscapeLeft UIInterfaceOrientationLandscapeRight";
				INFOPLIST_KEY_UISupportedInterfaceOrientations_iPhone = "UIInterfaceOrientationPortrait UIInterfaceOrientationLandscapeLeft UIInterfaceOrientationLandscapeRight";
				LD_RUNPATH_SEARCH_PATHS = (
					"$(inherited)",
					"@executable_path/Frameworks",
				);
				MARKETING_VERSION = 1.0;
				PRODUCT_BUNDLE_IDENTIFIER = "com.JonmichaelCheung.shopping-list";
				PRODUCT_NAME = "$(TARGET_NAME)";
				SWIFT_EMIT_LOC_STRINGS = YES;
				SWIFT_VERSION = 5.0;
				TARGETED_DEVICE_FAMILY = "1,2";
			};
			name = Debug;
		};
		4AD9411027B5EDF60036971C /* Release */ = {
			isa = XCBuildConfiguration;
			buildSettings = {
				ASSETCATALOG_COMPILER_APPICON_NAME = AppIcon;
				ASSETCATALOG_COMPILER_GLOBAL_ACCENT_COLOR_NAME = AccentColor;
				CODE_SIGN_STYLE = Automatic;
				CURRENT_PROJECT_VERSION = 1;
				GENERATE_INFOPLIST_FILE = YES;
				INFOPLIST_FILE = shopping_list/Resources/Info.plist;
				INFOPLIST_KEY_UIApplicationSupportsIndirectInputEvents = YES;
				INFOPLIST_KEY_UILaunchStoryboardName = LaunchScreen;
				INFOPLIST_KEY_UIMainStoryboardFile = Main;
				INFOPLIST_KEY_UISupportedInterfaceOrientations_iPad = "UIInterfaceOrientationPortrait UIInterfaceOrientationPortraitUpsideDown UIInterfaceOrientationLandscapeLeft UIInterfaceOrientationLandscapeRight";
				INFOPLIST_KEY_UISupportedInterfaceOrientations_iPhone = "UIInterfaceOrientationPortrait UIInterfaceOrientationLandscapeLeft UIInterfaceOrientationLandscapeRight";
				LD_RUNPATH_SEARCH_PATHS = (
					"$(inherited)",
					"@executable_path/Frameworks",
				);
				MARKETING_VERSION = 1.0;
				PRODUCT_BUNDLE_IDENTIFIER = "com.JonmichaelCheung.shopping-list";
				PRODUCT_NAME = "$(TARGET_NAME)";
				SWIFT_EMIT_LOC_STRINGS = YES;
				SWIFT_VERSION = 5.0;
				TARGETED_DEVICE_FAMILY = "1,2";
			};
			name = Release;
		};
/* End XCBuildConfiguration section */

/* Begin XCConfigurationList section */
		4AD940F527B5EDF50036971C /* Build configuration list for PBXProject "shopping_list" */ = {
			isa = XCConfigurationList;
			buildConfigurations = (
				4AD9410C27B5EDF60036971C /* Debug */,
				4AD9410D27B5EDF60036971C /* Release */,
			);
			defaultConfigurationIsVisible = 0;
			defaultConfigurationName = Release;
		};
		4AD9410E27B5EDF60036971C /* Build configuration list for PBXNativeTarget "shopping_list" */ = {
			isa = XCConfigurationList;
			buildConfigurations = (
				4AD9410F27B5EDF60036971C /* Debug */,
				4AD9411027B5EDF60036971C /* Release */,
			);
			defaultConfigurationIsVisible = 0;
			defaultConfigurationName = Release;
		};
/* End XCConfigurationList section */
	};
	rootObject = 4AD940F227B5EDF50036971C /* Project object */;
}
